// !$*UTF8*$!
{
	archiveVersion = 1;
	classes = {
	};
	objectVersion = 71;
	objects = {

/* Begin PBXBuildFile section */
		E10000000000000000000022 /* EngineerCore in Frameworks */ = {isa = PBXBuildFile; productRef = E10000000000000000000021 /* EngineerCore */; };
		E20000000000000000000022 /* EngineerCore in Frameworks */ = {isa = PBXBuildFile; productRef = E20000000000000000000021 /* EngineerCore */; };
		E20000000000000000000031 /* LumaWorkMac/App/MacWorkspaceState.swift in Sources */ = {isa = PBXBuildFile; fileRef = E20000000000000000000030 /* LumaWorkMac/App/MacWorkspaceState.swift */; };
/* End PBXBuildFile section */

/* Begin PBXFileReference section */
		E10000000000000000000006 /* EngineerMac.app */ = {isa = PBXFileReference; explicitFileType = wrapper.application; includeInIndex = 0; path = EngineerMac.app; sourceTree = BUILT_PRODUCTS_DIR; };
		E20000000000000000000006 /* EngineerMacTests.xctest */ = {isa = PBXFileReference; explicitFileType = wrapper.cfbundle; includeInIndex = 0; path = EngineerMacTests.xctest; sourceTree = BUILT_PRODUCTS_DIR; };
		E20000000000000000000030 /* LumaWorkMac/App/MacWorkspaceState.swift */ = {isa = PBXFileReference; lastKnownFileType = sourcecode.swift; path = LumaWorkMac/App/MacWorkspaceState.swift; sourceTree = SOURCE_ROOT; };
/* End PBXFileReference section */

/* Begin PBXFileSystemSynchronizedBuildFileExceptionSet section */
		E10000000000000000000009 /* PBXFileSystemSynchronizedBuildFileExceptionSet */ = {
			isa = PBXFileSystemSynchronizedBuildFileExceptionSet;
			membershipExceptions = (
				Resources/Info.plist,
			);
			target = E10000000000000000000005 /* EngineerMac */;
		};
/* End PBXFileSystemSynchronizedBuildFileExceptionSet section */

/* Begin PBXFileSystemSynchronizedRootGroup section */
		E10000000000000000000003 /* LumaWorkMac */ = {isa = PBXFileSystemSynchronizedRootGroup; exceptions = (E10000000000000000000009 /* PBXFileSystemSynchronizedBuildFileExceptionSet */, ); explicitFileTypes = {}; explicitFolders = (); path = LumaWorkMac; sourceTree = "<group>"; };
		E20000000000000000000003 /* LumaWorkMacTests */ = {isa = PBXFileSystemSynchronizedRootGroup; explicitFileTypes = {}; explicitFolders = (); path = LumaWorkMacTests; sourceTree = "<group>"; };
/* End PBXFileSystemSynchronizedRootGroup section */

/* Begin PBXFrameworksBuildPhase section */
		E10000000000000000000008 /* Frameworks */ = {
			isa = PBXFrameworksBuildPhase;
			buildActionMask = 2147483647;
			files = (
				E10000000000000000000022 /* EngineerCore in Frameworks */,
			);
			runOnlyForDeploymentPostprocessing = 0;
		};
		E20000000000000000000008 /* Frameworks */ = {
			isa = PBXFrameworksBuildPhase;
			buildActionMask = 2147483647;
			files = (
				E20000000000000000000022 /* EngineerCore in Frameworks */,
			);
			runOnlyForDeploymentPostprocessing = 0;
		};
/* End PBXFrameworksBuildPhase section */

/* Begin PBXGroup section */
		E10000000000000000000002 = {
			isa = PBXGroup;
			children = (
				E10000000000000000000003 /* LumaWorkMac */,
				E20000000000000000000003 /* LumaWorkMacTests */,
				E20000000000000000000030 /* LumaWorkMac/App/MacWorkspaceState.swift */,
				E10000000000000000000004 /* Products */,
			);
			sourceTree = "<group>";
		};
		E10000000000000000000004 /* Products */ = {
			isa = PBXGroup;
			children = (
				E10000000000000000000006 /* EngineerMac.app */,
				E20000000000000000000006 /* EngineerMacTests.xctest */,
			);
			name = Products;
			sourceTree = "<group>";
		};
/* End PBXGroup section */

/* Begin PBXNativeTarget section */
		E10000000000000000000005 /* EngineerMac */ = {
			isa = PBXNativeTarget;
			buildConfigurationList = E10000000000000000000011 /* Build configuration list for PBXNativeTarget "EngineerMac" */;
			buildPhases = (
				E10000000000000000000007 /* Sources */,
				E10000000000000000000008 /* Frameworks */,
				E1000000000000000000000A /* Resources */,
			);
			buildRules = (
			);
			dependencies = (
			);
			fileSystemSynchronizedGroups = (
				E10000000000000000000003 /* LumaWorkMac */,
			);
			name = EngineerMac;
			packageProductDependencies = (
				E10000000000000000000021 /* EngineerCore */,
			);
			productName = EngineerMac;
			productReference = E10000000000000000000006 /* EngineerMac.app */;
			productType = "com.apple.product-type.application";
		};
		E20000000000000000000005 /* EngineerMacTests */ = {
			isa = PBXNativeTarget;
			buildConfigurationList = E20000000000000000000011 /* Build configuration list for PBXNativeTarget "EngineerMacTests" */;
			buildPhases = (
				E20000000000000000000007 /* Sources */,
				E20000000000000000000008 /* Frameworks */,
				E2000000000000000000000A /* Resources */,
			);
			buildRules = (
			);
			dependencies = (
			);
			fileSystemSynchronizedGroups = (
				E20000000000000000000003 /* LumaWorkMacTests */,
			);
			name = EngineerMacTests;
			packageProductDependencies = (
				E20000000000000000000021 /* EngineerCore */,
			);
			productName = EngineerMacTests;
			productReference = E20000000000000000000006 /* EngineerMacTests.xctest */;
			productType = "com.apple.product-type.bundle.unit-test";
		};
/* End PBXNativeTarget section */

/* Begin PBXProject section */
		E10000000000000000000001 /* Project object */ = {
			isa = PBXProject;
			attributes = {
				BuildIndependentTargetsInParallel = 1;
				LastUpgradeCheck = 2630;
				TargetAttributes = {
					E10000000000000000000005 = {
						CreatedOnToolsVersion = 26.3;
					};
				};
			};
			buildConfigurationList = E10000000000000000000010 /* Build configuration list for PBXProject "EngineerMac" */;
			compatibilityVersion = "Xcode 16.0";
			developmentRegion = ru;
			hasScannedForEncodings = 0;
			knownRegions = (
				ru,
				en,
				Base,
			);
			mainGroup = E10000000000000000000002;
			packageReferences = (
				E10000000000000000000020 /* XCLocalSwiftPackageReference "Packages/EngineerCore" */,
			);
			productRefGroup = E10000000000000000000004 /* Products */;
			projectDirPath = "";
			projectRoot = "";
			targets = (
				E10000000000000000000005 /* EngineerMac */,
				E20000000000000000000005 /* EngineerMacTests */,
			);
		};
/* End PBXProject section */

/* Begin PBXResourcesBuildPhase section */
		E1000000000000000000000A /* Resources */ = {
			isa = PBXResourcesBuildPhase;
			buildActionMask = 2147483647;
			files = (
			);
			runOnlyForDeploymentPostprocessing = 0;
		};
		E2000000000000000000000A /* Resources */ = {
			isa = PBXResourcesBuildPhase;
			buildActionMask = 2147483647;
			files = (
			);
			runOnlyForDeploymentPostprocessing = 0;
		};
/* End PBXResourcesBuildPhase section */

/* Begin PBXSourcesBuildPhase section */
		E10000000000000000000007 /* Sources */ = {
			isa = PBXSourcesBuildPhase;
			buildActionMask = 2147483647;
			files = (
			);
			runOnlyForDeploymentPostprocessing = 0;
		};
		E20000000000000000000007 /* Sources */ = {
			isa = PBXSourcesBuildPhase;
			buildActionMask = 2147483647;
			files = (
				E20000000000000000000031 /* LumaWorkMac/App/MacWorkspaceState.swift in Sources */,
			);
			runOnlyForDeploymentPostprocessing = 0;
		};
/* End PBXSourcesBuildPhase section */

/* Begin XCBuildConfiguration section */
		E10000000000000000000012 /* Debug */ = {
			isa = XCBuildConfiguration;
			buildSettings = {
				CLANG_ENABLE_MODULES = YES;
				CLANG_ENABLE_OBJC_ARC = YES;
				DEBUG_INFORMATION_FORMAT = dwarf;
				ENABLE_TESTABILITY = YES;
				MACOSX_DEPLOYMENT_TARGET = 15.6.1;
				ONLY_ACTIVE_ARCH = YES;
				SDKROOT = macosx;
				SWIFT_ACTIVE_COMPILATION_CONDITIONS = "DEBUG $(inherited)";
				SWIFT_OPTIMIZATION_LEVEL = "-Onone";
				SWIFT_VERSION = 5.0;
			};
			name = Debug;
		};
		E10000000000000000000013 /* Release */ = {
			isa = XCBuildConfiguration;
			buildSettings = {
				CLANG_ENABLE_MODULES = YES;
				CLANG_ENABLE_OBJC_ARC = YES;
				DEBUG_INFORMATION_FORMAT = "dwarf-with-dsym";
				MACOSX_DEPLOYMENT_TARGET = 15.6.1;
				SDKROOT = macosx;
				SWIFT_COMPILATION_MODE = wholemodule;
				SWIFT_OPTIMIZATION_LEVEL = "-O";
				SWIFT_VERSION = 5.0;
			};
			name = Release;
		};
		E10000000000000000000014 /* Debug */ = {
			isa = XCBuildConfiguration;
			buildSettings = {
				CODE_SIGN_ENTITLEMENTS = LumaWorkMac/EngineerMac.entitlements;
				CODE_SIGN_STYLE = Automatic;
				CURRENT_PROJECT_VERSION = 1;
				ENABLE_APP_SANDBOX = YES;
				ENABLE_HARDENED_RUNTIME = YES;
				GENERATE_INFOPLIST_FILE = NO;
				INFOPLIST_FILE = LumaWorkMac/Resources/Info.plist;
				ASSETCATALOG_COMPILER_APPICON_NAME = AppIcon;
				LD_RUNPATH_SEARCH_PATHS = (
					"$(inherited)",
					"@executable_path/../Frameworks",
				);
				MACOSX_DEPLOYMENT_TARGET = 15.6.1;
				MARKETING_VERSION = 0.1.0;
				PRODUCT_BUNDLE_IDENTIFIER = septon.LumaWork.mac;
				PRODUCT_NAME = "$(TARGET_NAME)";
				SUPPORTED_PLATFORMS = macosx;
				SWIFT_EMIT_LOC_STRINGS = YES;
				SWIFT_VERSION = 5.0;
			};
			name = Debug;
		};
		E10000000000000000000015 /* Release */ = {
			isa = XCBuildConfiguration;
			buildSettings = {
				CODE_SIGN_ENTITLEMENTS = LumaWorkMac/EngineerMac.entitlements;
				CODE_SIGN_STYLE = Automatic;
				CURRENT_PROJECT_VERSION = 1;
				ENABLE_APP_SANDBOX = YES;
				ENABLE_HARDENED_RUNTIME = YES;
				GENERATE_INFOPLIST_FILE = NO;
				INFOPLIST_FILE = LumaWorkMac/Resources/Info.plist;
				ASSETCATALOG_COMPILER_APPICON_NAME = AppIcon;
				LD_RUNPATH_SEARCH_PATHS = (
					"$(inherited)",
					"@executable_path/../Frameworks",
				);
				MACOSX_DEPLOYMENT_TARGET = 15.6.1;
				MARKETING_VERSION = 0.1.0;
				PRODUCT_BUNDLE_IDENTIFIER = septon.LumaWork.mac;
				PRODUCT_NAME = "$(TARGET_NAME)";
				SUPPORTED_PLATFORMS = macosx;
				SWIFT_EMIT_LOC_STRINGS = YES;
				SWIFT_VERSION = 5.0;
			};
			name = Release;
		};
		E20000000000000000000014 /* Debug */ = {
			isa = XCBuildConfiguration;
			buildSettings = {
				CODE_SIGN_STYLE = Automatic;
				GENERATE_INFOPLIST_FILE = YES;
				LD_RUNPATH_SEARCH_PATHS = (
					"$(inherited)",
					"@loader_path/../Frameworks",
				);
				MACOSX_DEPLOYMENT_TARGET = 15.6.1;
				PRODUCT_BUNDLE_IDENTIFIER = septon.LumaWork.mac.tests;
				PRODUCT_NAME = "$(TARGET_NAME)";
				SWIFT_VERSION = 5.0;
			};
			name = Debug;
		};
		E20000000000000000000015 /* Release */ = {
			isa = XCBuildConfiguration;
			buildSettings = {
				CODE_SIGN_STYLE = Automatic;
				GENERATE_INFOPLIST_FILE = YES;
				LD_RUNPATH_SEARCH_PATHS = (
					"$(inherited)",
					"@loader_path/../Frameworks",
				);
				MACOSX_DEPLOYMENT_TARGET = 15.6.1;
				PRODUCT_BUNDLE_IDENTIFIER = septon.LumaWork.mac.tests;
				PRODUCT_NAME = "$(TARGET_NAME)";
				SWIFT_VERSION = 5.0;
			};
			name = Release;
		};
/* End XCBuildConfiguration section */

/* Begin XCConfigurationList section */
		E10000000000000000000010 /* Build configuration list for PBXProject "EngineerMac" */ = {
			isa = XCConfigurationList;
			buildConfigurations = (
				E10000000000000000000012 /* Debug */,
				E10000000000000000000013 /* Release */,
			);
			defaultConfigurationIsVisible = 0;
			defaultConfigurationName = Release;
		};
		E10000000000000000000011 /* Build configuration list for PBXNativeTarget "EngineerMac" */ = {
			isa = XCConfigurationList;
			buildConfigurations = (
				E10000000000000000000014 /* Debug */,
				E10000000000000000000015 /* Release */,
			);
			defaultConfigurationIsVisible = 0;
			defaultConfigurationName = Release;
		};
		E20000000000000000000011 /* Build configuration list for PBXNativeTarget "EngineerMacTests" */ = {
			isa = XCConfigurationList;
			buildConfigurations = (
				E20000000000000000000014 /* Debug */,
				E20000000000000000000015 /* Release */,
			);
			defaultConfigurationIsVisible = 0;
			defaultConfigurationName = Release;
		};
/* End XCConfigurationList section */

/* Begin XCLocalSwiftPackageReference section */
		E10000000000000000000020 /* XCLocalSwiftPackageReference "Packages/EngineerCore" */ = {
			isa = XCLocalSwiftPackageReference;
			relativePath = Packages/EngineerCore;
		};
/* End XCLocalSwiftPackageReference section */

/* Begin XCSwiftPackageProductDependency section */
		E10000000000000000000021 /* EngineerCore */ = {
			isa = XCSwiftPackageProductDependency;
			package = E10000000000000000000020 /* XCLocalSwiftPackageReference "Packages/EngineerCore" */;
			productName = EngineerCore;
		};
		E20000000000000000000021 /* EngineerCore */ = {
			isa = XCSwiftPackageProductDependency;
			package = E10000000000000000000020 /* XCLocalSwiftPackageReference "Packages/EngineerCore" */;
			productName = EngineerCore;
		};
/* End XCSwiftPackageProductDependency section */
	};
	rootObject = E10000000000000000000001 /* Project object */;
}
